// !$*UTF8*$!
{
	archiveVersion = 1;
	classes = {
	};
	objectVersion = 60;
	objects = {

/* Begin PBXBuildFile section */
		BD35C2102E12047400A1DEAF /* SymbolsManager.swift in Sources */ = {isa = PBXBuildFile; fileRef = BD35C20F2E12047400A1DEAF /* SymbolsManager.swift */; };
		BD35C2132E1204B600A1DEAF /* BookmarkManager.swift in Sources */ = {isa = PBXBuildFile; fileRef = BD35C2122E1204B600A1DEAF /* BookmarkManager.swift */; };
		BD35C2172E12051700A1DEAF /* String+.swift in Sources */ = {isa = PBXBuildFile; fileRef = BD35C2162E12051700A1DEAF /* String+.swift */; };
		BD35C2192E1241DD00A1DEAF /* SymbolEditorActionBar.swift in Sources */ = {isa = PBXBuildFile; fileRef = BD35C2182E1241DD00A1DEAF /* SymbolEditorActionBar.swift */; };
		BD476E142E148E7600ACF1E3 /* BookmarksView.swift in Sources */ = {isa = PBXBuildFile; fileRef = BD476E132E148E7600ACF1E3 /* BookmarksView.swift */; };
		BD49698F2E13745800E1E1B4 /* BookmarkCardView.swift in Sources */ = {isa = PBXBuildFile; fileRef = BD49698E2E13745800E1E1B4 /* BookmarkCardView.swift */; };
		C083E5BE2D62789D00E5DA42 /* App.swift in Sources */ = {isa = PBXBuildFile; fileRef = C083E5BD2D62789D00E5DA42 /* App.swift */; };
		C083E5C02D62789D00E5DA42 /* ContentView.swift in Sources */ = {isa = PBXBuildFile; fileRef = C083E5BF2D62789D00E5DA42 /* ContentView.swift */; };
		C083E5C22D62789E00E5DA42 /* Assets.xcassets in Resources */ = {isa = PBXBuildFile; fileRef = C083E5C12D62789E00E5DA42 /* Assets.xcassets */; };
		C083E5EA2D62889000E5DA42 /* SymbolEditor.swift in Sources */ = {isa = PBXBuildFile; fileRef = C083E5E92D62889000E5DA42 /* SymbolEditor.swift */; };
/* End PBXBuildFile section */

/* Begin PBXFileReference section */
		BD35C20F2E12047400A1DEAF /* SymbolsManager.swift */ = {isa = PBXFileReference; lastKnownFileType = sourcecode.swift; path = SymbolsManager.swift; sourceTree = "<group>"; };
		BD35C2122E1204B600A1DEAF /* BookmarkManager.swift */ = {isa = PBXFileReference; lastKnownFileType = sourcecode.swift; path = BookmarkManager.swift; sourceTree = "<group>"; };
		BD35C2162E12051700A1DEAF /* String+.swift */ = {isa = PBXFileReference; lastKnownFileType = sourcecode.swift; path = "String+.swift"; sourceTree = "<group>"; };
		BD35C2182E1241DD00A1DEAF /* SymbolEditorActionBar.swift */ = {isa = PBXFileReference; lastKnownFileType = sourcecode.swift; path = SymbolEditorActionBar.swift; sourceTree = "<group>"; };
		BD476E132E148E7600ACF1E3 /* BookmarksView.swift */ = {isa = PBXFileReference; lastKnownFileType = sourcecode.swift; path = BookmarksView.swift; sourceTree = "<group>"; };
		BD49698E2E13745800E1E1B4 /* BookmarkCardView.swift */ = {isa = PBXFileReference; lastKnownFileType = sourcecode.swift; path = BookmarkCardView.swift; sourceTree = "<group>"; };
		C083E5BA2D62789D00E5DA42 /* InternalSFSymbols.app */ = {isa = PBXFileReference; explicitFileType = wrapper.application; includeInIndex = 0; path = InternalSFSymbols.app; sourceTree = BUILT_PRODUCTS_DIR; };
		C083E5BD2D62789D00E5DA42 /* App.swift */ = {isa = PBXFileReference; lastKnownFileType = sourcecode.swift; path = App.swift; sourceTree = "<group>"; };
		C083E5BF2D62789D00E5DA42 /* ContentView.swift */ = {isa = PBXFileReference; lastKnownFileType = sourcecode.swift; path = ContentView.swift; sourceTree = "<group>"; };
		C083E5C12D62789E00E5DA42 /* Assets.xcassets */ = {isa = PBXFileReference; lastKnownFileType = folder.assetcatalog; path = Assets.xcassets; sourceTree = "<group>"; };
		C083E5E92D62889000E5DA42 /* SymbolEditor.swift */ = {isa = PBXFileReference; lastKnownFileType = sourcecode.swift; path = SymbolEditor.swift; sourceTree = "<group>"; };
/* End PBXFileReference section */

/* Begin PBXFrameworksBuildPhase section */
		C083E5B72D62789D00E5DA42 /* Frameworks */ = {
			isa = PBXFrameworksBuildPhase;
			buildActionMask = 2147483647;
			files = (
			);
			runOnlyForDeploymentPostprocessing = 0;
		};
/* End PBXFrameworksBuildPhase section */

/* Begin PBXGroup section */
		BD35C2112E12049D00A1DEAF /* Services */ = {
			isa = PBXGroup;
			children = (
				BD35C20F2E12047400A1DEAF /* SymbolsManager.swift */,
				BD35C2122E1204B600A1DEAF /* BookmarkManager.swift */,
			);
			path = Services;
			sourceTree = "<group>";
		};
		BD35C2142E1204C100A1DEAF /* Resources */ = {
			isa = PBXGroup;
			children = (
				C083E5C12D62789E00E5DA42 /* Assets.xcassets */,
				BD35C2162E12051700A1DEAF /* String+.swift */,
			);
			path = Resources;
			sourceTree = "<group>";
		};
		BD35C2152E1204CB00A1DEAF /* Views */ = {
			isa = PBXGroup;
			children = (
				C083E5BF2D62789D00E5DA42 /* ContentView.swift */,
				C083E5E92D62889000E5DA42 /* SymbolEditor.swift */,
				BD35C2182E1241DD00A1DEAF /* SymbolEditorActionBar.swift */,
				BD476E132E148E7600ACF1E3 /* BookmarksView.swift */,
				BD49698E2E13745800E1E1B4 /* BookmarkCardView.swift */,
			);
			path = Views;
			sourceTree = "<group>";
		};
		C083E5B12D62789D00E5DA42 = {
			isa = PBXGroup;
			children = (
				C083E5BC2D62789D00E5DA42 /* InternalSFSymbols */,
				C083E5BB2D62789D00E5DA42 /* Products */,
			);
			sourceTree = "<group>";
		};
		C083E5BB2D62789D00E5DA42 /* Products */ = {
			isa = PBXGroup;
			children = (
				C083E5BA2D62789D00E5DA42 /* InternalSFSymbols.app */,
			);
			name = Products;
			sourceTree = "<group>";
		};
		C083E5BC2D62789D00E5DA42 /* InternalSFSymbols */ = {
			isa = PBXGroup;
			children = (
				BD35C2142E1204C100A1DEAF /* Resources */,
				BD35C2112E12049D00A1DEAF /* Services */,
				BD35C2152E1204CB00A1DEAF /* Views */,
				C083E5BD2D62789D00E5DA42 /* App.swift */,
			);
			path = InternalSFSymbols;
			sourceTree = "<group>";
		};
/* End PBXGroup section */

/* Begin PBXNativeTarget section */
		C083E5B92D62789D00E5DA42 /* InternalSFSymbols */ = {
			isa = PBXNativeTarget;
			buildConfigurationList = C083E5C82D62789E00E5DA42 /* Build configuration list for PBXNativeTarget "InternalSFSymbols" */;
			buildPhases = (
				C083E5B62D62789D00E5DA42 /* Sources */,
				C083E5B72D62789D00E5DA42 /* Frameworks */,
				C083E5B82D62789D00E5DA42 /* Resources */,
			);
			buildRules = (
			);
			dependencies = (
			);
			name = InternalSFSymbols;
			productName = InternalSFSymbols;
			productReference = C083E5BA2D62789D00E5DA42 /* InternalSFSymbols.app */;
			productType = "com.apple.product-type.application";
		};
/* End PBXNativeTarget section */

/* Begin PBXProject section */
		C083E5B22D62789D00E5DA42 /* Project object */ = {
			isa = PBXProject;
			attributes = {
				BuildIndependentTargetsInParallel = 1;
				LastSwiftUpdateCheck = 1600;
				LastUpgradeCheck = 1600;
				TargetAttributes = {
					C083E5B92D62789D00E5DA42 = {
						CreatedOnToolsVersion = 16.0;
					};
				};
			};
			buildConfigurationList = C083E5B52D62789D00E5DA42 /* Build configuration list for PBXProject "InternalSFSymbols" */;
			compatibilityVersion = "Xcode 15.0";
			developmentRegion = en;
			hasScannedForEncodings = 0;
			knownRegions = (
				en,
				Base,
			);
			mainGroup = C083E5B12D62789D00E5DA42;
			productRefGroup = C083E5BB2D62789D00E5DA42 /* Products */;
			projectDirPath = "";
			projectRoot = "";
			targets = (
				C083E5B92D62789D00E5DA42 /* InternalSFSymbols */,
			);
		};
/* End PBXProject section */

/* Begin PBXResourcesBuildPhase section */
		C083E5B82D62789D00E5DA42 /* Resources */ = {
			isa = PBXResourcesBuildPhase;
			buildActionMask = 2147483647;
			files = (
				C083E5C22D62789E00E5DA42 /* Assets.xcassets in Resources */,
			);
			runOnlyForDeploymentPostprocessing = 0;
		};
/* End PBXResourcesBuildPhase section */

/* Begin PBXSourcesBuildPhase section */
		C083E5B62D62789D00E5DA42 /* Sources */ = {
			isa = PBXSourcesBuildPhase;
			buildActionMask = 2147483647;
			files = (
				C083E5C02D62789D00E5DA42 /* ContentView.swift in Sources */,
				BD49698F2E13745800E1E1B4 /* BookmarkCardView.swift in Sources */,
				C083E5BE2D62789D00E5DA42 /* App.swift in Sources */,
				BD35C2132E1204B600A1DEAF /* BookmarkManager.swift in Sources */,
				BD476E142E148E7600ACF1E3 /* BookmarksView.swift in Sources */,
				BD35C2192E1241DD00A1DEAF /* SymbolEditorActionBar.swift in Sources */,
				C083E5EA2D62889000E5DA42 /* SymbolEditor.swift in Sources */,
				BD35C2172E12051700A1DEAF /* String+.swift in Sources */,
				BD35C2102E12047400A1DEAF /* SymbolsManager.swift in Sources */,
			);
			runOnlyForDeploymentPostprocessing = 0;
		};
/* End PBXSourcesBuildPhase section */

/* Begin XCBuildConfiguration section */
		C083E5C62D62789E00E5DA42 /* Debug */ = {
			isa = XCBuildConfiguration;
			buildSettings = {
				ALWAYS_SEARCH_USER_PATHS = NO;
				ASSETCATALOG_COMPILER_GENERATE_SWIFT_ASSET_SYMBOL_EXTENSIONS = YES;
				CLANG_ANALYZER_NONNULL = YES;
				CLANG_ANALYZER_NUMBER_OBJECT_CONVERSION = YES_AGGRESSIVE;
				CLANG_CXX_LANGUAGE_STANDARD = "gnu++20";
				CLANG_ENABLE_MODULES = YES;
				CLANG_ENABLE_OBJC_ARC = YES;
				CLANG_ENABLE_OBJC_WEAK = YES;
				CLANG_WARN_BLOCK_CAPTURE_AUTORELEASING = YES;
				CLANG_WARN_BOOL_CONVERSION = YES;
				CLANG_WARN_COMMA = YES;
				CLANG_WARN_CONSTANT_CONVERSION = YES;
				CLANG_WARN_DEPRECATED_OBJC_IMPLEMENTATIONS = YES;
				CLANG_WARN_DIRECT_OBJC_ISA_USAGE = YES_ERROR;
				CLANG_WARN_DOCUMENTATION_COMMENTS = YES;
				CLANG_WARN_EMPTY_BODY = YES;
				CLANG_WARN_ENUM_CONVERSION = YES;
				CLANG_WARN_INFINITE_RECURSION = YES;
				CLANG_WARN_INT_CONVERSION = YES;
				CLANG_WARN_NON_LITERAL_NULL_CONVERSION = YES;
				CLANG_WARN_OBJC_IMPLICIT_RETAIN_SELF = YES;
				CLANG_WARN_OBJC_LITERAL_CONVERSION = YES;
				CLANG_WARN_OBJC_ROOT_CLASS = YES_ERROR;
				CLANG_WARN_QUOTED_INCLUDE_IN_FRAMEWORK_HEADER = YES;
				CLANG_WARN_RANGE_LOOP_ANALYSIS = YES;
				CLANG_WARN_STRICT_PROTOTYPES = YES;
				CLANG_WARN_SUSPICIOUS_MOVE = YES;
				CLANG_WARN_UNGUARDED_AVAILABILITY = YES_AGGRESSIVE;
				CLANG_WARN_UNREACHABLE_CODE = YES;
				CLANG_WARN__DUPLICATE_METHOD_MATCH = YES;
				COPY_PHASE_STRIP = NO;
				DEBUG_INFORMATION_FORMAT = dwarf;
				ENABLE_STRICT_OBJC_MSGSEND = YES;
				ENABLE_TESTABILITY = YES;
				ENABLE_USER_SCRIPT_SANDBOXING = YES;
				GCC_C_LANGUAGE_STANDARD = gnu17;
				GCC_DYNAMIC_NO_PIC = NO;
				GCC_NO_COMMON_BLOCKS = YES;
				GCC_OPTIMIZATION_LEVEL = 0;
				GCC_PREPROCESSOR_DEFINITIONS = (
					"DEBUG=1",
					"$(inherited)",
				);
				GCC_WARN_64_TO_32_BIT_CONVERSION = YES;
				GCC_WARN_ABOUT_RETURN_TYPE = YES_ERROR;
				GCC_WARN_UNDECLARED_SELECTOR = YES;
				GCC_WARN_UNINITIALIZED_AUTOS = YES_AGGRESSIVE;
				GCC_WARN_UNUSED_FUNCTION = YES;
				GCC_WARN_UNUSED_VARIABLE = YES;
				IPHONEOS_DEPLOYMENT_TARGET = 18.0;
				LOCALIZATION_PREFERS_STRING_CATALOGS = YES;
				MTL_ENABLE_DEBUG_INFO = INCLUDE_SOURCE;
				MTL_FAST_MATH = YES;
				ONLY_ACTIVE_ARCH = YES;
				SDKROOT = iphoneos;
				SWIFT_ACTIVE_COMPILATION_CONDITIONS = "DEBUG $(inherited)";
				SWIFT_OPTIMIZATION_LEVEL = "-Onone";
			};
			name = Debug;
		};
		C083E5C72D62789E00E5DA42 /* Release */ = {
			isa = XCBuildConfiguration;
			buildSettings = {
				ALWAYS_SEARCH_USER_PATHS = NO;
				ASSETCATALOG_COMPILER_GENERATE_SWIFT_ASSET_SYMBOL_EXTENSIONS = YES;
				CLANG_ANALYZER_NONNULL = YES;
				CLANG_ANALYZER_NUMBER_OBJECT_CONVERSION = YES_AGGRESSIVE;
				CLANG_CXX_LANGUAGE_STANDARD = "gnu++20";
				CLANG_ENABLE_MODULES = YES;
				CLANG_ENABLE_OBJC_ARC = YES;
				CLANG_ENABLE_OBJC_WEAK = YES;
				CLANG_WARN_BLOCK_CAPTURE_AUTORELEASING = YES;
				CLANG_WARN_BOOL_CONVERSION = YES;
				CLANG_WARN_COMMA = YES;
				CLANG_WARN_CONSTANT_CONVERSION = YES;
				CLANG_WARN_DEPRECATED_OBJC_IMPLEMENTATIONS = YES;
				CLANG_WARN_DIRECT_OBJC_ISA_USAGE = YES_ERROR;
				CLANG_WARN_DOCUMENTATION_COMMENTS = YES;
				CLANG_WARN_EMPTY_BODY = YES;
				CLANG_WARN_ENUM_CONVERSION = YES;
				CLANG_WARN_INFINITE_RECURSION = YES;
				CLANG_WARN_INT_CONVERSION = YES;
				CLANG_WARN_NON_LITERAL_NULL_CONVERSION = YES;
				CLANG_WARN_OBJC_IMPLICIT_RETAIN_SELF = YES;
				CLANG_WARN_OBJC_LITERAL_CONVERSION = YES;
				CLANG_WARN_OBJC_ROOT_CLASS = YES_ERROR;
				CLANG_WARN_QUOTED_INCLUDE_IN_FRAMEWORK_HEADER = YES;
				CLANG_WARN_RANGE_LOOP_ANALYSIS = YES;
				CLANG_WARN_STRICT_PROTOTYPES = YES;
				CLANG_WARN_SUSPICIOUS_MOVE = YES;
				CLANG_WARN_UNGUARDED_AVAILABILITY = YES_AGGRESSIVE;
				CLANG_WARN_UNREACHABLE_CODE = YES;
				CLANG_WARN__DUPLICATE_METHOD_MATCH = YES;
				COPY_PHASE_STRIP = NO;
				DEBUG_INFORMATION_FORMAT = "dwarf-with-dsym";
				ENABLE_NS_ASSERTIONS = NO;
				ENABLE_STRICT_OBJC_MSGSEND = YES;
				ENABLE_USER_SCRIPT_SANDBOXING = YES;
				GCC_C_LANGUAGE_STANDARD = gnu17;
				GCC_NO_COMMON_BLOCKS = YES;
				GCC_WARN_64_TO_32_BIT_CONVERSION = YES;
				GCC_WARN_ABOUT_RETURN_TYPE = YES_ERROR;
				GCC_WARN_UNDECLARED_SELECTOR = YES;
				GCC_WARN_UNINITIALIZED_AUTOS = YES_AGGRESSIVE;
				GCC_WARN_UNUSED_FUNCTION = YES;
				GCC_WARN_UNUSED_VARIABLE = YES;
				IPHONEOS_DEPLOYMENT_TARGET = 18.0;
				LOCALIZATION_PREFERS_STRING_CATALOGS = YES;
				MTL_ENABLE_DEBUG_INFO = NO;
				MTL_FAST_MATH = YES;
				SDKROOT = iphoneos;
				SWIFT_COMPILATION_MODE = wholemodule;
				VALIDATE_PRODUCT = YES;
			};
			name = Release;
		};
		C083E5C92D62789E00E5DA42 /* Debug */ = {
			isa = XCBuildConfiguration;
			buildSettings = {
				ASSETCATALOG_COMPILER_APPICON_NAME = AppIcon;
				ASSETCATALOG_COMPILER_GLOBAL_ACCENT_COLOR_NAME = AccentColor;
				CODE_SIGN_STYLE = Automatic;
				CURRENT_PROJECT_VERSION = 1;
				DEVELOPMENT_ASSET_PATHS = "";
				DEVELOPMENT_TEAM = 48S57XVT54;
				ENABLE_PREVIEWS = YES;
				GENERATE_INFOPLIST_FILE = YES;
				INFOPLIST_KEY_CFBundleDisplayName = "SFSymbols+";
				INFOPLIST_KEY_LSApplicationCategoryType = "public.app-category.utilities";
				INFOPLIST_KEY_NSPhotoLibraryAddUsageDescription = " ";
				INFOPLIST_KEY_UIApplicationSceneManifest_Generation = YES;
				INFOPLIST_KEY_UIApplicationSupportsIndirectInputEvents = YES;
				INFOPLIST_KEY_UILaunchScreen_Generation = YES;
				INFOPLIST_KEY_UISupportedInterfaceOrientations = UIInterfaceOrientationPortrait;
				INFOPLIST_KEY_UISupportedInterfaceOrientations_iPad = "UIInterfaceOrientationLandscapeLeft UIInterfaceOrientationLandscapeRight UIInterfaceOrientationPortrait UIInterfaceOrientationPortraitUpsideDown";
				IPHONEOS_DEPLOYMENT_TARGET = 16.0;
				LD_RUNPATH_SEARCH_PATHS = (
					"$(inherited)",
					"@executable_path/Frameworks",
				);
				MARKETING_VERSION = 1.0;
				PRODUCT_BUNDLE_IDENTIFIER = com.app.InternalSFSymbols;
				PRODUCT_NAME = "$(TARGET_NAME)";
				SUPPORTED_PLATFORMS = "iphoneos iphonesimulator";
				SUPPORTS_MACCATALYST = NO;
				SUPPORTS_MAC_DESIGNED_FOR_IPHONE_IPAD = NO;
				SUPPORTS_XR_DESIGNED_FOR_IPHONE_IPAD = NO;
				SWIFT_EMIT_LOC_STRINGS = YES;
				SWIFT_VERSION = 5.0;
				TARGETED_DEVICE_FAMILY = "1,2";
			};
			name = Debug;
		};
		C083E5CA2D62789E00E5DA42 /* Release */ = {
			isa = XCBuildConfiguration;
			buildSettings = {
				ASSETCATALOG_COMPILER_APPICON_NAME = AppIcon;
				ASSETCATALOG_COMPILER_GLOBAL_ACCENT_COLOR_NAME = AccentColor;
				CODE_SIGN_STYLE = Automatic;
				CURRENT_PROJECT_VERSION = 1;
				DEVELOPMENT_ASSET_PATHS = "";
				DEVELOPMENT_TEAM = 48S57XVT54;
				ENABLE_PREVIEWS = YES;
				GENERATE_INFOPLIST_FILE = YES;
				INFOPLIST_KEY_CFBundleDisplayName = "SFSymbols+";
				INFOPLIST_KEY_LSApplicationCategoryType = "public.app-category.utilities";
				INFOPLIST_KEY_NSPhotoLibraryAddUsageDescription = " ";
				INFOPLIST_KEY_UIApplicationSceneManifest_Generation = YES;
				INFOPLIST_KEY_UIApplicationSupportsIndirectInputEvents = YES;
				INFOPLIST_KEY_UILaunchScreen_Generation = YES;
				INFOPLIST_KEY_UISupportedInterfaceOrientations = UIInterfaceOrientationPortrait;
				INFOPLIST_KEY_UISupportedInterfaceOrientations_iPad = "UIInterfaceOrientationLandscapeLeft UIInterfaceOrientationLandscapeRight UIInterfaceOrientationPortrait UIInterfaceOrientationPortraitUpsideDown";
				IPHONEOS_DEPLOYMENT_TARGET = 16.0;
				LD_RUNPATH_SEARCH_PATHS = (
					"$(inherited)",
					"@executable_path/Frameworks",
				);
				MARKETING_VERSION = 1.0;
				PRODUCT_BUNDLE_IDENTIFIER = com.app.InternalSFSymbols;
				PRODUCT_NAME = "$(TARGET_NAME)";
				SUPPORTED_PLATFORMS = "iphoneos iphonesimulator";
				SUPPORTS_MACCATALYST = NO;
				SUPPORTS_MAC_DESIGNED_FOR_IPHONE_IPAD = NO;
				SUPPORTS_XR_DESIGNED_FOR_IPHONE_IPAD = NO;
				SWIFT_EMIT_LOC_STRINGS = YES;
				SWIFT_VERSION = 5.0;
				TARGETED_DEVICE_FAMILY = "1,2";
			};
			name = Release;
		};
/* End XCBuildConfiguration section */

/* Begin XCConfigurationList section */
		C083E5B52D62789D00E5DA42 /* Build configuration list for PBXProject "InternalSFSymbols" */ = {
			isa = XCConfigurationList;
			buildConfigurations = (
				C083E5C62D62789E00E5DA42 /* Debug */,
				C083E5C72D62789E00E5DA42 /* Release */,
			);
			defaultConfigurationIsVisible = 0;
			defaultConfigurationName = Release;
		};
		C083E5C82D62789E00E5DA42 /* Build configuration list for PBXNativeTarget "InternalSFSymbols" */ = {
			isa = XCConfigurationList;
			buildConfigurations = (
				C083E5C92D62789E00E5DA42 /* Debug */,
				C083E5CA2D62789E00E5DA42 /* Release */,
			);
			defaultConfigurationIsVisible = 0;
			defaultConfigurationName = Release;
		};
/* End XCConfigurationList section */
	};
	rootObject = C083E5B22D62789D00E5DA42 /* Project object */;
}
